Microsoft Visual Studio Solution File, Format Version 12.00
# Visual Studio Version 17
VisualStudioVersion = 17.5.2.0
MinimumVisualStudioVersion = 10.0.40219.1
Project("{FAE04EC0-301F-11D3-BF4B-00C04F79EFBC}") = "AmerikaKamaraFirin", "AmerikaKamaraFirin.csproj", "{F920C729-09AE-6DE3-6A35-AC71F8DAB2A7}"
EndProject
Global
	GlobalSection(SolutionConfigurationPlatforms) = preSolution
		Debug|Any CPU = Debug|Any CPU
		Release|Any CPU = Release|Any CPU
	EndGlobalSection
	GlobalSection(ProjectConfigurationPlatforms) = postSolution
		{F920C729-09AE-6DE3-6A35-AC71F8DAB2A7}.Debug|Any CPU.ActiveCfg = Debug|Any CPU
		{F920C729-09AE-6DE3-6A35-AC71F8DAB2A7}.Debug|Any CPU.Build.0 = Debug|Any CPU
		{F920C729-09AE-6DE3-6A35-AC71F8DAB2A7}.Release|Any CPU.ActiveCfg = Release|Any CPU
		{F920C729-09AE-6DE3-6A35-AC71F8DAB2A7}.Release|Any CPU.Build.0 = Release|Any CPU
	EndGlobalSection
	GlobalSection(SolutionProperties) = preSolution
		HideSolutionNode = FALSE
	EndGlobalSection
	GlobalSection(ExtensibilityGlobals) = postSolution
		SolutionGuid = {C8693560-B808-45B2-B85B-360011AE2390}
	EndGlobalSection
EndGlobal
